
Microsoft Visual Studio Solution File, Format Version 12.00
# Visual Studio 15
VisualStudioVersion = 15.0.26730.3
MinimumVisualStudioVersion = 10.0.40219.1
Project("{9A19103F-16F7-4668-BE54-9A1E7A4F7556}") = "PlexRoulette", "PlexRoulette\PlexRoulette.csproj", "{B25E691B-BD24-4A1C-AEE5-597AA1A3EFBC}"
EndProject
Global
	GlobalSection(SolutionConfigurationPlatforms) = preSolution
		Debug|Any CPU = Debug|Any CPU
		Release|Any CPU = Release|Any CPU
	EndGlobalSection
	GlobalSection(ProjectConfigurationPlatforms) = postSolution
		{B25E691B-BD24-4A1C-AEE5-597AA1A3EFBC}.Debug|Any CPU.ActiveCfg = Debug|Any CPU
		{B25E691B-BD24-4A1C-AEE5-597AA1A3EFBC}.Debug|Any CPU.Build.0 = Debug|Any CPU
		{B25E691B-BD24-4A1C-AEE5-597AA1A3EFBC}.Release|Any CPU.ActiveCfg = Release|Any CPU
		{B25E691B-BD24-4A1C-AEE5-597AA1A3EFBC}.Release|Any CPU.Build.0 = Release|Any CPU
	EndGlobalSection
	GlobalSection(SolutionProperties) = preSolution
		HideSolutionNode = FALSE
	EndGlobalSection
	GlobalSection(ExtensibilityGlobals) = postSolution
		SolutionGuid = {8A93A9A4-CAED-448E-A1C1-A1E9AB6C1BA3}
	EndGlobalSection
EndGlobal
